# This file is @generated by PDM.
# It is not intended for manual editing.

[metadata]
groups = ["default"]
strategy = ["cross_platform", "inherit_metadata"]
lock_version = "4.4.1"
content_hash = "sha256:a1d95b8766bc0b6abdb0b3e1118378b7b830cdb5d765c19dfbccbf742c956d8d"

[[package]]
name = "jinja2"
version = "3.1.3"
requires_python = ">=3.7"
summary = "A very fast and expressive template engine."
groups = ["default"]
dependencies = [
    "MarkupSafe>=2.0",
]
files = [
    {file = "Jinja2-3.1.3-py3-none-any.whl", hash = "sha256:7d6d50dd97d52cbc355597bd845fabfbac3f551e1f99619e39a35ce8c370b5fa"},
    {file = "Jinja2-3.1.3.tar.gz", hash = "sha256:ac8bd6544d4bb2c9792bf3a159e80bba8fda7f07e81bc3aed565432d5925ba90"},
]

[[package]]
name = "markupsafe"
version = "2.1.5"
requires_python = ">=3.7"
summary = "Safely add untrusted strings to HTML/XML markup."
groups = ["default"]
files = [
    {file = "MarkupSafe-2.1.5-cp310-cp310-macosx_10_9_universal2.whl", hash = "sha256:a17a92de5231666cfbe003f0e4b9b3a7ae3afb1ec2845aadc2bacc93ff85febc"},
    {file = "MarkupSafe-2.1.5-cp310-cp310-macosx_10_9_x86_64.whl", hash = "sha256:72b6be590cc35924b02c78ef34b467da4ba07e4e0f0454a2c5907f473fc50ce5"},
    {file = "MarkupSafe-2.1.5-cp310-cp310-manylinux_2_17_aarch64.manylinux2014_aarch64.whl", hash = "sha256:e61659ba32cf2cf1481e575d0462554625196a1f2fc06a1c777d3f48e8865d46"},
    {file = "MarkupSafe-2.1.5-cp310-cp310-manylinux_2_17_x86_64.manylinux2014_x86_64.whl", hash = "sha256:2174c595a0d73a3080ca3257b40096db99799265e1c27cc5a610743acd86d62f"},
    {file = "MarkupSafe-2.1.5-cp310-cp310-manylinux_2_5_i686.manylinux1_i686.manylinux_2_17_i686.manylinux2014_i686.whl", hash = "sha256:ae2ad8ae6ebee9d2d94b17fb62763125f3f374c25618198f40cbb8b525411900"},
    {file = "MarkupSafe-2.1.5-cp310-cp310-musllinux_1_1_aarch64.whl", hash = "sha256:075202fa5b72c86ad32dc7d0b56024ebdbcf2048c0ba09f1cde31bfdd57bcfff"},
    {file = "MarkupSafe-2.1.5-cp310-cp310-musllinux_1_1_i686.whl", hash = "sha256:598e3276b64aff0e7b3451b72e94fa3c238d452e7ddcd893c3ab324717456bad"},
    {file = "MarkupSafe-2.1.5-cp310-cp310-musllinux_1_1_x86_64.whl", hash = "sha256:fce659a462a1be54d2ffcacea5e3ba2d74daa74f30f5f143fe0c58636e355fdd"},
    {file = "MarkupSafe-2.1.5-cp310-cp310-win32.whl", hash = "sha256:d9fad5155d72433c921b782e58892377c44bd6252b5af2f67f16b194987338a4"},
    {file = "MarkupSafe-2.1.5-cp310-cp310-win_amd64.whl", hash = "sha256:bf50cd79a75d181c9181df03572cdce0fbb75cc353bc350712073108cba98de5"},
    {file = "MarkupSafe-2.1.5-cp311-cp311-macosx_10_9_universal2.whl", hash = "sha256:629ddd2ca402ae6dbedfceeba9c46d5f7b2a61d9749597d4307f943ef198fc1f"},
    {file = "MarkupSafe-2.1.5-cp311-cp311-macosx_10_9_x86_64.whl", hash = "sha256:5b7b716f97b52c5a14bffdf688f971b2d5ef4029127f1ad7a513973cfd818df2"},
    {file = "MarkupSafe-2.1.5-cp311-cp311-manylinux_2_17_aarch64.manylinux2014_aarch64.whl", hash = "sha256:6ec585f69cec0aa07d945b20805be741395e28ac1627333b1c5b0105962ffced"},
    {file = "MarkupSafe-2.1.5-cp311-cp311-manylinux_2_17_x86_64.manylinux2014_x86_64.whl", hash = "sha256:b91c037585eba9095565a3556f611e3cbfaa42ca1e865f7b8015fe5c7336d5a5"},
    {file = "MarkupSafe-2.1.5-cp311-cp311-manylinux_2_5_i686.manylinux1_i686.manylinux_2_17_i686.manylinux2014_i686.whl", hash = "sha256:7502934a33b54030eaf1194c21c692a534196063db72176b0c4028e140f8f32c"},
    {file = "MarkupSafe-2.1.5-cp311-cp311-musllinux_1_1_aarch64.whl", hash = "sha256:0e397ac966fdf721b2c528cf028494e86172b4feba51d65f81ffd65c63798f3f"},
    {file = "MarkupSafe-2.1.5-cp311-cp311-musllinux_1_1_i686.whl", hash = "sha256:c061bb86a71b42465156a3ee7bd58c8c2ceacdbeb95d05a99893e08b8467359a"},
    {file = "MarkupSafe-2.1.5-cp311-cp311-musllinux_1_1_x86_64.whl", hash = "sha256:3a57fdd7ce31c7ff06cdfbf31dafa96cc533c21e443d57f5b1ecc6cdc668ec7f"},
    {file = "MarkupSafe-2.1.5-cp311-cp311-win32.whl", hash = "sha256:397081c1a0bfb5124355710fe79478cdbeb39626492b15d399526ae53422b906"},
    {file = "MarkupSafe-2.1.5-cp311-cp311-win_amd64.whl", hash = "sha256:2b7c57a4dfc4f16f7142221afe5ba4e093e09e728ca65c51f5620c9aaeb9a617"},
    {file = "MarkupSafe-2.1.5-cp312-cp312-macosx_10_9_universal2.whl", hash = "sha256:8dec4936e9c3100156f8a2dc89c4b88d5c435175ff03413b443469c7c8c5f4d1"},
    {file = "MarkupSafe-2.1.5-cp312-cp312-macosx_10_9_x86_64.whl", hash = "sha256:3c6b973f22eb18a789b1460b4b91bf04ae3f0c4234a0a6aa6b0a92f6f7b951d4"},
    {file = "MarkupSafe-2.1.5-cp312-cp312-manylinux_2_17_aarch64.manylinux2014_aarch64.whl", hash = "sha256:ac07bad82163452a6884fe8fa0963fb98c2346ba78d779ec06bd7a6262132aee"},
    {file = "MarkupSafe-2.1.5-cp312-cp312-manylinux_2_17_x86_64.manylinux2014_x86_64.whl", hash = "sha256:f5dfb42c4604dddc8e4305050aa6deb084540643ed5804d7455b5df8fe16f5e5"},
    {file = "MarkupSafe-2.1.5-cp312-cp312-manylinux_2_5_i686.manylinux1_i686.manylinux_2_17_i686.manylinux2014_i686.whl", hash = "sha256:ea3d8a3d18833cf4304cd2fc9cbb1efe188ca9b5efef2bdac7adc20594a0e46b"},
    {file = "MarkupSafe-2.1.5-cp312-cp312-musllinux_1_1_aarch64.whl", hash = "sha256:d050b3361367a06d752db6ead6e7edeb0009be66bc3bae0ee9d97fb326badc2a"},
    {file = "MarkupSafe-2.1.5-cp312-cp312-musllinux_1_1_i686.whl", hash = "sha256:bec0a414d016ac1a18862a519e54b2fd0fc8bbfd6890376898a6c0891dd82e9f"},
    {file = "MarkupSafe-2.1.5-cp312-cp312-musllinux_1_1_x86_64.whl", hash = "sha256:58c98fee265677f63a4385256a6d7683ab1832f3ddd1e66fe948d5880c21a169"},
    {file = "MarkupSafe-2.1.5-cp312-cp312-win32.whl", hash = "sha256:8590b4ae07a35970728874632fed7bd57b26b0102df2d2b233b6d9d82f6c62ad"},
    {file = "MarkupSafe-2.1.5-cp312-cp312-win_amd64.whl", hash = "sha256:823b65d8706e32ad2df51ed89496147a42a2a6e01c13cfb6ffb8b1e92bc910bb"},
    {file = "MarkupSafe-2.1.5-cp38-cp38-macosx_10_9_universal2.whl", hash = "sha256:656f7526c69fac7f600bd1f400991cc282b417d17539a1b228617081106feb4a"},
    {file = "MarkupSafe-2.1.5-cp38-cp38-macosx_10_9_x86_64.whl", hash = "sha256:97cafb1f3cbcd3fd2b6fbfb99ae11cdb14deea0736fc2b0952ee177f2b813a46"},
    {file = "MarkupSafe-2.1.5-cp38-cp38-manylinux_2_17_aarch64.manylinux2014_aarch64.whl", hash = "sha256:1f3fbcb7ef1f16e48246f704ab79d79da8a46891e2da03f8783a5b6fa41a9532"},
    {file = "MarkupSafe-2.1.5-cp38-cp38-manylinux_2_17_x86_64.manylinux2014_x86_64.whl", hash = "sha256:fa9db3f79de01457b03d4f01b34cf91bc0048eb2c3846ff26f66687c2f6d16ab"},
    {file = "MarkupSafe-2.1.5-cp38-cp38-manylinux_2_5_i686.manylinux1_i686.manylinux_2_17_i686.manylinux2014_i686.whl", hash = "sha256:ffee1f21e5ef0d712f9033568f8344d5da8cc2869dbd08d87c84656e6a2d2f68"},
    {file = "MarkupSafe-2.1.5-cp38-cp38-musllinux_1_1_aarch64.whl", hash = "sha256:5dedb4db619ba5a2787a94d877bc8ffc0566f92a01c0ef214865e54ecc9ee5e0"},
    {file = "MarkupSafe-2.1.5-cp38-cp38-musllinux_1_1_i686.whl", hash = "sha256:30b600cf0a7ac9234b2638fbc0fb6158ba5bdcdf46aeb631ead21248b9affbc4"},
    {file = "MarkupSafe-2.1.5-cp38-cp38-musllinux_1_1_x86_64.whl", hash = "sha256:8dd717634f5a044f860435c1d8c16a270ddf0ef8588d4887037c5028b859b0c3"},
    {file = "MarkupSafe-2.1.5-cp38-cp38-win32.whl", hash = "sha256:daa4ee5a243f0f20d528d939d06670a298dd39b1ad5f8a72a4275124a7819eff"},
    {file = "MarkupSafe-2.1.5-cp38-cp38-win_amd64.whl", hash = "sha256:619bc166c4f2de5caa5a633b8b7326fbe98e0ccbfacabd87268a2b15ff73a029"},
    {file = "MarkupSafe-2.1.5-cp39-cp39-macosx_10_9_universal2.whl", hash = "sha256:7a68b554d356a91cce1236aa7682dc01df0edba8d043fd1ce607c49dd3c1edcf"},
    {file = "MarkupSafe-2.1.5-cp39-cp39-macosx_10_9_x86_64.whl", hash = "sha256:db0b55e0f3cc0be60c1f19efdde9a637c32740486004f20d1cff53c3c0ece4d2"},
    {file = "MarkupSafe-2.1.5-cp39-cp39-manylinux_2_17_aarch64.manylinux2014_aarch64.whl", hash = "sha256:3e53af139f8579a6d5f7b76549125f0d94d7e630761a2111bc431fd820e163b8"},
    {file = "MarkupSafe-2.1.5-cp39-cp39-manylinux_2_17_x86_64.manylinux2014_x86_64.whl", hash = "sha256:17b950fccb810b3293638215058e432159d2b71005c74371d784862b7e4683f3"},
    {file = "MarkupSafe-2.1.5-cp39-cp39-manylinux_2_5_i686.manylinux1_i686.manylinux_2_17_i686.manylinux2014_i686.whl", hash = "sha256:4c31f53cdae6ecfa91a77820e8b151dba54ab528ba65dfd235c80b086d68a465"},
    {file = "MarkupSafe-2.1.5-cp39-cp39-musllinux_1_1_aarch64.whl", hash = "sha256:bff1b4290a66b490a2f4719358c0cdcd9bafb6b8f061e45c7a2460866bf50c2e"},
    {file = "MarkupSafe-2.1.5-cp39-cp39-musllinux_1_1_i686.whl", hash = "sha256:bc1667f8b83f48511b94671e0e441401371dfd0f0a795c7daa4a3cd1dde55bea"},
    {file = "MarkupSafe-2.1.5-cp39-cp39-musllinux_1_1_x86_64.whl", hash = "sha256:5049256f536511ee3f7e1b3f87d1d1209d327e818e6ae1365e8653d7e3abb6a6"},
    {file = "MarkupSafe-2.1.5-cp39-cp39-win32.whl", hash = "sha256:00e046b6dd71aa03a41079792f8473dc494d564611a8f89bbbd7cb93295ebdcf"},
    {file = "MarkupSafe-2.1.5-cp39-cp39-win_amd64.whl", hash = "sha256:fa173ec60341d6bb97a89f5ea19c85c5643c1e7dedebc22f5181eb73573142c5"},
    {file = "MarkupSafe-2.1.5.tar.gz", hash = "sha256:d283d37a890ba4c1ae73ffadf8046435c76e7bc2247bbb63c00bd1a709c6544b"},
]

[[package]]
name = "pydantic"
version = "1.10.14"
requires_python = ">=3.7"
summary = "Data validation and settings management using python type hints"
groups = ["default"]
dependencies = [
    "typing-extensions>=4.2.0",
]
files = [
    {file = "pydantic-1.10.14-cp310-cp310-macosx_10_9_x86_64.whl", hash = "sha256:7f4fcec873f90537c382840f330b90f4715eebc2bc9925f04cb92de593eae054"},
    {file = "pydantic-1.10.14-cp310-cp310-macosx_11_0_arm64.whl", hash = "sha256:8e3a76f571970fcd3c43ad982daf936ae39b3e90b8a2e96c04113a369869dc87"},
    {file = "pydantic-1.10.14-cp310-cp310-manylinux_2_17_x86_64.manylinux2014_x86_64.whl", hash = "sha256:82d886bd3c3fbeaa963692ef6b643159ccb4b4cefaf7ff1617720cbead04fd1d"},
    {file = "pydantic-1.10.14-cp310-cp310-manylinux_2_5_i686.manylinux1_i686.manylinux_2_17_i686.manylinux2014_i686.whl", hash = "sha256:798a3d05ee3b71967844a1164fd5bdb8c22c6d674f26274e78b9f29d81770c4e"},
    {file = "pydantic-1.10.14-cp310-cp310-musllinux_1_1_i686.whl", hash = "sha256:23d47a4b57a38e8652bcab15a658fdb13c785b9ce217cc3a729504ab4e1d6bc9"},
    {file = "pydantic-1.10.14-cp310-cp310-musllinux_1_1_x86_64.whl", hash = "sha256:f9f674b5c3bebc2eba401de64f29948ae1e646ba2735f884d1594c5f675d6f2a"},
    {file = "pydantic-1.10.14-cp310-cp310-win_amd64.whl", hash = "sha256:24a7679fab2e0eeedb5a8924fc4a694b3bcaac7d305aeeac72dd7d4e05ecbebf"},
    {file = "pydantic-1.10.14-cp311-cp311-macosx_10_9_x86_64.whl", hash = "sha256:9d578ac4bf7fdf10ce14caba6f734c178379bd35c486c6deb6f49006e1ba78a7"},
    {file = "pydantic-1.10.14-cp311-cp311-macosx_11_0_arm64.whl", hash = "sha256:fa7790e94c60f809c95602a26d906eba01a0abee9cc24150e4ce2189352deb1b"},
    {file = "pydantic-1.10.14-cp311-cp311-manylinux_2_17_x86_64.manylinux2014_x86_64.whl", hash = "sha256:aad4e10efa5474ed1a611b6d7f0d130f4aafadceb73c11d9e72823e8f508e663"},
    {file = "pydantic-1.10.14-cp311-cp311-manylinux_2_5_i686.manylinux1_i686.manylinux_2_17_i686.manylinux2014_i686.whl", hash = "sha256:1245f4f61f467cb3dfeced2b119afef3db386aec3d24a22a1de08c65038b255f"},
    {file = "pydantic-1.10.14-cp311-cp311-musllinux_1_1_i686.whl", hash = "sha256:21efacc678a11114c765eb52ec0db62edffa89e9a562a94cbf8fa10b5db5c046"},
    {file = "pydantic-1.10.14-cp311-cp311-musllinux_1_1_x86_64.whl", hash = "sha256:412ab4a3f6dbd2bf18aefa9f79c7cca23744846b31f1d6555c2ee2b05a2e14ca"},
    {file = "pydantic-1.10.14-cp311-cp311-win_amd64.whl", hash = "sha256:e897c9f35281f7889873a3e6d6b69aa1447ceb024e8495a5f0d02ecd17742a7f"},
    {file = "pydantic-1.10.14-cp38-cp38-macosx_10_9_x86_64.whl", hash = "sha256:c37c28449752bb1f47975d22ef2882d70513c546f8f37201e0fec3a97b816eee"},
    {file = "pydantic-1.10.14-cp38-cp38-macosx_11_0_arm64.whl", hash = "sha256:49a46a0994dd551ec051986806122767cf144b9702e31d47f6d493c336462597"},
    {file = "pydantic-1.10.14-cp38-cp38-manylinux_2_17_x86_64.manylinux2014_x86_64.whl", hash = "sha256:53e3819bd20a42470d6dd0fe7fc1c121c92247bca104ce608e609b59bc7a77ee"},
    {file = "pydantic-1.10.14-cp38-cp38-manylinux_2_5_i686.manylinux1_i686.manylinux_2_17_i686.manylinux2014_i686.whl", hash = "sha256:0fbb503bbbbab0c588ed3cd21975a1d0d4163b87e360fec17a792f7d8c4ff29f"},
    {file = "pydantic-1.10.14-cp38-cp38-musllinux_1_1_i686.whl", hash = "sha256:336709883c15c050b9c55a63d6c7ff09be883dbc17805d2b063395dd9d9d0022"},
    {file = "pydantic-1.10.14-cp38-cp38-musllinux_1_1_x86_64.whl", hash = "sha256:4ae57b4d8e3312d486e2498d42aed3ece7b51848336964e43abbf9671584e67f"},
    {file = "pydantic-1.10.14-cp38-cp38-win_amd64.whl", hash = "sha256:dba49d52500c35cfec0b28aa8b3ea5c37c9df183ffc7210b10ff2a415c125c4a"},
    {file = "pydantic-1.10.14-cp39-cp39-macosx_10_9_x86_64.whl", hash = "sha256:c66609e138c31cba607d8e2a7b6a5dc38979a06c900815495b2d90ce6ded35b4"},
    {file = "pydantic-1.10.14-cp39-cp39-macosx_11_0_arm64.whl", hash = "sha256:d986e115e0b39604b9eee3507987368ff8148222da213cd38c359f6f57b3b347"},
    {file = "pydantic-1.10.14-cp39-cp39-manylinux_2_17_x86_64.manylinux2014_x86_64.whl", hash = "sha256:646b2b12df4295b4c3148850c85bff29ef6d0d9621a8d091e98094871a62e5c7"},
    {file = "pydantic-1.10.14-cp39-cp39-manylinux_2_5_i686.manylinux1_i686.manylinux_2_17_i686.manylinux2014_i686.whl", hash = "sha256:282613a5969c47c83a8710cc8bfd1e70c9223feb76566f74683af889faadc0ea"},
    {file = "pydantic-1.10.14-cp39-cp39-musllinux_1_1_i686.whl", hash = "sha256:466669501d08ad8eb3c4fecd991c5e793c4e0bbd62299d05111d4f827cded64f"},
    {file = "pydantic-1.10.14-cp39-cp39-musllinux_1_1_x86_64.whl", hash = "sha256:13e86a19dca96373dcf3190fcb8797d40a6f12f154a244a8d1e8e03b8f280593"},
    {file = "pydantic-1.10.14-cp39-cp39-win_amd64.whl", hash = "sha256:08b6ec0917c30861e3fe71a93be1648a2aa4f62f866142ba21670b24444d7fd8"},
    {file = "pydantic-1.10.14-py3-none-any.whl", hash = "sha256:8ee853cd12ac2ddbf0ecbac1c289f95882b2d4482258048079d13be700aa114c"},
    {file = "pydantic-1.10.14.tar.gz", hash = "sha256:46f17b832fe27de7850896f3afee50ea682220dd218f7e9c88d436788419dca6"},
]

[[package]]
name = "typing-extensions"
version = "4.7.1"
requires_python = ">=3.7"
summary = "Backported and Experimental Type Hints for Python 3.7+"
groups = ["default"]
files = [
    {file = "typing_extensions-4.7.1-py3-none-any.whl", hash = "sha256:440d5dd3af93b060174bf433bccd69b0babc3b15b1a8dca43789fd7f61514b36"},
    {file = "typing_extensions-4.7.1.tar.gz", hash = "sha256:b75ddc264f0ba5615db7ba217daeb99701ad295353c45f9e95963337ceeeffb2"},
]
